// !$*UTF8*$!
{
	archiveVersion = 1;
	classes = {
	};
	objectVersion = 56;
	objects = {

/* Begin PBXBuildFile section */
		A10000010000000000000001 /* TestBridgeApp.swift in Sources */ = {isa = PBXBuildFile; fileRef = A20000010000000000000001 /* TestBridgeApp.swift */; };
		A10000020000000000000001 /* TestBridgeUITests.swift in Sources */ = {isa = PBXBuildFile; fileRef = A20000020000000000000001 /* TestBridgeUITests.swift */; };
		A10000030000000000000001 /* HTTPServer.swift in Sources */ = {isa = PBXBuildFile; fileRef = A20000030000000000000001 /* HTTPServer.swift */; };
		A10000040000000000000001 /* Router.swift in Sources */ = {isa = PBXBuildFile; fileRef = A20000040000000000000001 /* Router.swift */; };
		A10000050000000000000001 /* Handlers.swift in Sources */ = {isa = PBXBuildFile; fileRef = A20000050000000000000001 /* Handlers.swift */; };
		A10000060000000000000001 /* AccessibilitySerializer.swift in Sources */ = {isa = PBXBuildFile; fileRef = A20000060000000000000001 /* AccessibilitySerializer.swift */; };
/* End PBXBuildFile section */

/* Begin PBXContainerItemProxy section */
		A30000010000000000000001 /* PBXContainerItemProxy */ = {
			isa = PBXContainerItemProxy;
			containerPortal = A40000010000000000000001 /* Project object */;
			proxyType = 1;
			remoteGlobalIDString = A50000010000000000000001;
			remoteInfo = TestBridge;
		};
/* End PBXContainerItemProxy section */

/* Begin PBXFileReference section */
		A20000010000000000000001 /* TestBridgeApp.swift */ = {isa = PBXFileReference; lastKnownFileType = sourcecode.swift; path = TestBridgeApp.swift; sourceTree = "<group>"; };
		A20000020000000000000001 /* TestBridgeUITests.swift */ = {isa = PBXFileReference; lastKnownFileType = sourcecode.swift; path = TestBridgeUITests.swift; sourceTree = "<group>"; };
		A20000030000000000000001 /* HTTPServer.swift */ = {isa = PBXFileReference; lastKnownFileType = sourcecode.swift; path = HTTPServer.swift; sourceTree = "<group>"; };
		A20000040000000000000001 /* Router.swift */ = {isa = PBXFileReference; lastKnownFileType = sourcecode.swift; path = Router.swift; sourceTree = "<group>"; };
		A20000050000000000000001 /* Handlers.swift */ = {isa = PBXFileReference; lastKnownFileType = sourcecode.swift; path = Handlers.swift; sourceTree = "<group>"; };
		A20000060000000000000001 /* AccessibilitySerializer.swift */ = {isa = PBXFileReference; lastKnownFileType = sourcecode.swift; path = AccessibilitySerializer.swift; sourceTree = "<group>"; };
		A60000010000000000000001 /* TestBridge.app */ = {isa = PBXFileReference; explicitFileType = wrapper.application; includeInIndex = 0; path = TestBridge.app; sourceTree = BUILT_PRODUCTS_DIR; };
		A60000020000000000000001 /* TestBridgeUITests.xctest */ = {isa = PBXFileReference; explicitFileType = wrapper.cfbundle; includeInIndex = 0; path = TestBridgeUITests.xctest; sourceTree = BUILT_PRODUCTS_DIR; };
/* End PBXFileReference section */

/* Begin PBXFrameworksBuildPhase section */
		A70000010000000000000001 /* Frameworks */ = {
			isa = PBXFrameworksBuildPhase;
			buildActionMask = 2147483647;
			files = (
			);
			runOnlyForDeploymentPostprocessing = 0;
		};
		A70000020000000000000001 /* Frameworks */ = {
			isa = PBXFrameworksBuildPhase;
			buildActionMask = 2147483647;
			files = (
			);
			runOnlyForDeploymentPostprocessing = 0;
		};
/* End PBXFrameworksBuildPhase section */

/* Begin PBXGroup section */
		A80000010000000000000001 = {
			isa = PBXGroup;
			children = (
				A80000020000000000000001 /* TestBridge */,
				A80000030000000000000001 /* TestBridgeUITests */,
				A80000040000000000000001 /* Products */,
			);
			sourceTree = "<group>";
		};
		A80000020000000000000001 /* TestBridge */ = {
			isa = PBXGroup;
			children = (
				A20000010000000000000001 /* TestBridgeApp.swift */,
			);
			path = TestBridge;
			sourceTree = "<group>";
		};
		A80000030000000000000001 /* TestBridgeUITests */ = {
			isa = PBXGroup;
			children = (
				A20000020000000000000001 /* TestBridgeUITests.swift */,
				A20000030000000000000001 /* HTTPServer.swift */,
				A20000040000000000000001 /* Router.swift */,
				A20000050000000000000001 /* Handlers.swift */,
				A20000060000000000000001 /* AccessibilitySerializer.swift */,
			);
			path = TestBridgeUITests;
			sourceTree = "<group>";
		};
		A80000040000000000000001 /* Products */ = {
			isa = PBXGroup;
			children = (
				A60000010000000000000001 /* TestBridge.app */,
				A60000020000000000000001 /* TestBridgeUITests.xctest */,
			);
			name = Products;
			sourceTree = "<group>";
		};
/* End PBXGroup section */

/* Begin PBXNativeTarget section */
		A50000010000000000000001 /* TestBridge */ = {
			isa = PBXNativeTarget;
			buildConfigurationList = A90000010000000000000001 /* Build configuration list for PBXNativeTarget "TestBridge" */;
			buildPhases = (
				AB0000010000000000000001 /* Sources */,
				A70000010000000000000001 /* Frameworks */,
				AC0000010000000000000001 /* Resources */,
			);
			buildRules = (
			);
			dependencies = (
			);
			name = TestBridge;
			productName = TestBridge;
			productReference = A60000010000000000000001 /* TestBridge.app */;
			productType = "com.apple.product-type.application";
		};
		A50000020000000000000001 /* TestBridgeUITests */ = {
			isa = PBXNativeTarget;
			buildConfigurationList = A90000020000000000000001 /* Build configuration list for PBXNativeTarget "TestBridgeUITests" */;
			buildPhases = (
				AB0000020000000000000001 /* Sources */,
				A70000020000000000000001 /* Frameworks */,
			);
			buildRules = (
			);
			dependencies = (
				AD0000010000000000000001 /* PBXTargetDependency */,
			);
			name = TestBridgeUITests;
			productName = TestBridgeUITests;
			productReference = A60000020000000000000001 /* TestBridgeUITests.xctest */;
			productType = "com.apple.product-type.bundle.ui-testing";
		};
/* End PBXNativeTarget section */

/* Begin PBXProject section */
		A40000010000000000000001 /* Project object */ = {
			isa = PBXProject;
			attributes = {
				BuildIndependentTargetsInParallel = 1;
				LastSwiftUpdateCheck = 2610;
				LastUpgradeCheck = 2610;
				TargetAttributes = {
					A50000010000000000000001 = {
						CreatedOnToolsVersion = 26.1;
					};
					A50000020000000000000001 = {
						CreatedOnToolsVersion = 26.1;
						TestTargetID = A50000010000000000000001;
					};
				};
			};
			buildConfigurationList = AA0000010000000000000001 /* Build configuration list for PBXProject "TestBridge" */;
			compatibilityVersion = "Xcode 14.0";
			developmentRegion = en;
			hasScannedForEncodings = 0;
			knownRegions = (
				en,
				Base,
			);
			mainGroup = A80000010000000000000001;
			productRefGroup = A80000040000000000000001 /* Products */;
			projectDirPath = "";
			projectRoot = "";
			targets = (
				A50000010000000000000001 /* TestBridge */,
				A50000020000000000000001 /* TestBridgeUITests */,
			);
		};
/* End PBXProject section */

/* Begin PBXResourcesBuildPhase section */
		AC0000010000000000000001 /* Resources */ = {
			isa = PBXResourcesBuildPhase;
			buildActionMask = 2147483647;
			files = (
			);
			runOnlyForDeploymentPostprocessing = 0;
		};
/* End PBXResourcesBuildPhase section */

/* Begin PBXSourcesBuildPhase section */
		AB0000010000000000000001 /* Sources */ = {
			isa = PBXSourcesBuildPhase;
			buildActionMask = 2147483647;
			files = (
				A10000010000000000000001 /* TestBridgeApp.swift in Sources */,
			);
			runOnlyForDeploymentPostprocessing = 0;
		};
		AB0000020000000000000001 /* Sources */ = {
			isa = PBXSourcesBuildPhase;
			buildActionMask = 2147483647;
			files = (
				A10000020000000000000001 /* TestBridgeUITests.swift in Sources */,
				A10000030000000000000001 /* HTTPServer.swift in Sources */,
				A10000040000000000000001 /* Router.swift in Sources */,
				A10000050000000000000001 /* Handlers.swift in Sources */,
				A10000060000000000000001 /* AccessibilitySerializer.swift in Sources */,
			);
			runOnlyForDeploymentPostprocessing = 0;
		};
/* End PBXSourcesBuildPhase section */

/* Begin PBXTargetDependency section */
		AD0000010000000000000001 /* PBXTargetDependency */ = {
			isa = PBXTargetDependency;
			target = A50000010000000000000001 /* TestBridge */;
			targetProxy = A30000010000000000000001 /* PBXContainerItemProxy */;
		};
/* End PBXTargetDependency section */

/* Begin XCBuildConfiguration section */
		AE0000010000000000000001 /* Debug */ = {
			isa = XCBuildConfiguration;
			buildSettings = {
				ALWAYS_SEARCH_USER_PATHS = NO;
				ASSETCATALOG_COMPILER_GENERATE_SWIFT_ASSET_SYMBOL_EXTENSIONS = YES;
				CLANG_ANALYZER_NONNULL = YES;
				CLANG_CXX_LANGUAGE_STANDARD = "gnu++20";
				CLANG_ENABLE_MODULES = YES;
				CLANG_ENABLE_OBJC_ARC = YES;
				COPY_PHASE_STRIP = NO;
				DEBUG_INFORMATION_FORMAT = dwarf;
				ENABLE_STRICT_OBJC_MSGSEND = YES;
				ENABLE_TESTABILITY = YES;
				GCC_DYNAMIC_NO_PIC = NO;
				GCC_OPTIMIZATION_LEVEL = 0;
				GCC_WARN_ABOUT_RETURN_TYPE = YES_ERROR;
				GCC_WARN_UNINITIALIZED_AUTOS = YES_AGGRESSIVE;
				IPHONEOS_DEPLOYMENT_TARGET = 18.0;
				MTL_ENABLE_DEBUG_INFO = INCLUDE_SOURCE;
				ONLY_ACTIVE_ARCH = YES;
				SDKROOT = iphoneos;
				SWIFT_ACTIVE_COMPILATION_CONDITIONS = "DEBUG $(inherited)";
				SWIFT_OPTIMIZATION_LEVEL = "-Onone";
				SWIFT_VERSION = 6.0;
			};
			name = Debug;
		};
		AE0000020000000000000001 /* Release */ = {
			isa = XCBuildConfiguration;
			buildSettings = {
				ALWAYS_SEARCH_USER_PATHS = NO;
				ASSETCATALOG_COMPILER_GENERATE_SWIFT_ASSET_SYMBOL_EXTENSIONS = YES;
				CLANG_ANALYZER_NONNULL = YES;
				CLANG_CXX_LANGUAGE_STANDARD = "gnu++20";
				CLANG_ENABLE_MODULES = YES;
				CLANG_ENABLE_OBJC_ARC = YES;
				COPY_PHASE_STRIP = NO;
				DEBUG_INFORMATION_FORMAT = "dwarf-with-dsym";
				ENABLE_NS_ASSERTIONS = NO;
				ENABLE_STRICT_OBJC_MSGSEND = YES;
				GCC_WARN_ABOUT_RETURN_TYPE = YES_ERROR;
				GCC_WARN_UNINITIALIZED_AUTOS = YES_AGGRESSIVE;
				IPHONEOS_DEPLOYMENT_TARGET = 18.0;
				ONLY_ACTIVE_ARCH = NO;
				SDKROOT = iphoneos;
				SWIFT_COMPILATION_MODE = wholemodule;
				SWIFT_VERSION = 6.0;
				VALIDATE_PRODUCT = YES;
			};
			name = Release;
		};
		AF0000010000000000000001 /* Debug */ = {
			isa = XCBuildConfiguration;
			buildSettings = {
				ASSETCATALOG_COMPILER_APPICON_NAME = AppIcon;
				CODE_SIGN_IDENTITY = "Apple Development";
				CODE_SIGN_STYLE = Automatic;
				CURRENT_PROJECT_VERSION = 1;
				GENERATE_INFOPLIST_FILE = YES;
				INFOPLIST_KEY_UIApplicationSceneManifest_Generation = YES;
				INFOPLIST_KEY_UIApplicationSupportsIndirectInputEvents = YES;
				INFOPLIST_KEY_UILaunchScreen_Generation = YES;
				LD_RUNPATH_SEARCH_PATHS = (
					"$(inherited)",
					"@executable_path/Frameworks",
				);
				MARKETING_VERSION = 1.0;
				PRODUCT_BUNDLE_IDENTIFIER = com.mobiletestai.TestBridge;
				PRODUCT_NAME = "$(TARGET_NAME)";
				SWIFT_EMIT_LOC_STRINGS = YES;
				TARGETED_DEVICE_FAMILY = "1,2";
			};
			name = Debug;
		};
		AF0000020000000000000001 /* Release */ = {
			isa = XCBuildConfiguration;
			buildSettings = {
				ASSETCATALOG_COMPILER_APPICON_NAME = AppIcon;
				CODE_SIGN_IDENTITY = "Apple Development";
				CODE_SIGN_STYLE = Automatic;
				CURRENT_PROJECT_VERSION = 1;
				GENERATE_INFOPLIST_FILE = YES;
				INFOPLIST_KEY_UIApplicationSceneManifest_Generation = YES;
				INFOPLIST_KEY_UIApplicationSupportsIndirectInputEvents = YES;
				INFOPLIST_KEY_UILaunchScreen_Generation = YES;
				LD_RUNPATH_SEARCH_PATHS = (
					"$(inherited)",
					"@executable_path/Frameworks",
				);
				MARKETING_VERSION = 1.0;
				PRODUCT_BUNDLE_IDENTIFIER = com.mobiletestai.TestBridge;
				PRODUCT_NAME = "$(TARGET_NAME)";
				SWIFT_EMIT_LOC_STRINGS = YES;
				TARGETED_DEVICE_FAMILY = "1,2";
			};
			name = Release;
		};
		B00000010000000000000001 /* Debug */ = {
			isa = XCBuildConfiguration;
			buildSettings = {
				CODE_SIGN_STYLE = Automatic;
				CURRENT_PROJECT_VERSION = 1;
				GENERATE_INFOPLIST_FILE = YES;
				MARKETING_VERSION = 1.0;
				PRODUCT_BUNDLE_IDENTIFIER = com.mobiletestai.TestBridgeUITests;
				PRODUCT_NAME = "$(TARGET_NAME)";
				SWIFT_EMIT_LOC_STRINGS = NO;
				SWIFT_VERSION = 5.0;
				TARGETED_DEVICE_FAMILY = "1,2";
				TEST_TARGET_NAME = TestBridge;
			};
			name = Debug;
		};
		B00000020000000000000001 /* Release */ = {
			isa = XCBuildConfiguration;
			buildSettings = {
				CODE_SIGN_STYLE = Automatic;
				CURRENT_PROJECT_VERSION = 1;
				GENERATE_INFOPLIST_FILE = YES;
				MARKETING_VERSION = 1.0;
				PRODUCT_BUNDLE_IDENTIFIER = com.mobiletestai.TestBridgeUITests;
				PRODUCT_NAME = "$(TARGET_NAME)";
				SWIFT_EMIT_LOC_STRINGS = NO;
				SWIFT_VERSION = 5.0;
				TARGETED_DEVICE_FAMILY = "1,2";
				TEST_TARGET_NAME = TestBridge;
			};
			name = Release;
		};
/* End XCBuildConfiguration section */

/* Begin XCConfigurationList section */
		AA0000010000000000000001 /* Build configuration list for PBXProject "TestBridge" */ = {
			isa = XCConfigurationList;
			buildConfigurations = (
				AE0000010000000000000001 /* Debug */,
				AE0000020000000000000001 /* Release */,
			);
			defaultConfigurationIsVisible = 0;
			defaultConfigurationName = Release;
		};
		A90000010000000000000001 /* Build configuration list for PBXNativeTarget "TestBridge" */ = {
			isa = XCConfigurationList;
			buildConfigurations = (
				AF0000010000000000000001 /* Debug */,
				AF0000020000000000000001 /* Release */,
			);
			defaultConfigurationIsVisible = 0;
			defaultConfigurationName = Release;
		};
		A90000020000000000000001 /* Build configuration list for PBXNativeTarget "TestBridgeUITests" */ = {
			isa = XCConfigurationList;
			buildConfigurations = (
				B00000010000000000000001 /* Debug */,
				B00000020000000000000001 /* Release */,
			);
			defaultConfigurationIsVisible = 0;
			defaultConfigurationName = Release;
		};
/* End XCConfigurationList section */

	};
	rootObject = A40000010000000000000001 /* Project object */;
}
